
Microsoft Visual Studio Solution File, Format Version 12.00
# Visual Studio Version 16
VisualStudioVersion = 16.0.30907.101
MinimumVisualStudioVersion = 10.0.40219.1
Project("{FAE04EC0-301F-11D3-BF4B-00C04F79EFBC}") = "YurtKayitSistemi", "YurtKayitSistemi\YurtKayitSistemi.csproj", "{7831F384-A4CA-40E0-BF9C-C55A85DB8D63}"
EndProject
Global
	GlobalSection(SolutionConfigurationPlatforms) = preSolution
		Debug|Any CPU = Debug|Any CPU
		Release|Any CPU = Release|Any CPU
	EndGlobalSection
	GlobalSection(ProjectConfigurationPlatforms) = postSolution
		{7831F384-A4CA-40E0-BF9C-C55A85DB8D63}.Debug|Any CPU.ActiveCfg = Debug|Any CPU
		{7831F384-A4CA-40E0-BF9C-C55A85DB8D63}.Debug|Any CPU.Build.0 = Debug|Any CPU
		{7831F384-A4CA-40E0-BF9C-C55A85DB8D63}.Release|Any CPU.ActiveCfg = Release|Any CPU
		{7831F384-A4CA-40E0-BF9C-C55A85DB8D63}.Release|Any CPU.Build.0 = Release|Any CPU
	EndGlobalSection
	GlobalSection(SolutionProperties) = preSolution
		HideSolutionNode = FALSE
	EndGlobalSection
	GlobalSection(ExtensibilityGlobals) = postSolution
		SolutionGuid = {0DF936B3-034C-4DB7-AD21-635446B3C049}
	EndGlobalSection
EndGlobal
